{
  "name": "@cagovweb/cal-ds-banner",
  "version": "0.0.1-beta5",
  "lockfileVersion": 3,
  "requires": true,
  "packages": {
    "": {
      "name": "@cagovweb/cal-ds-banner",
      "version": "0.0.1-beta5",
      "license": "ISC",
      "dependencies": {
        "@cagovweb/cal-ds-base": "^0.0.1"
      }
    },
    "node_modules/@cagovweb/cal-ds-base": {
      "version": "0.0.1",
      "resolved": "https://registry.npmjs.org/@cagovweb/cal-ds-base/-/cal-ds-base-0.0.1.tgz",
      "integrity": "sha512-IQkvmjC/tLw6m34POA9DWWXfI8QCZ3mze+YtsfIlpoZJtptMc8zk2QB81Z4d0ZPPfv8IqFh9e6O9GT5J39g0zA=="
    }
  }
}
