{
  "name": "@cagovweb/cal-ds-banner",
  "version": "0.0.1-beta5",
  "lockfileVersion": 3,
  "requires": true,
  "packages": {
    "": {
      "name": "@cagovweb/cal-ds-banner",
      "version": "0.0.1-beta5",
      "license": "ISC",
      "dependencies": {
        "@cagovweb/cal-ds-base": "^0.0.1"
      },
      "devDependencies": {
        "@cagovweb/cal-ds-base": "file:../_cal-ds-base"
      }
    },
    "../_cal-ds-base": {
      "version": "0.0.1",
      "dev": true,
      "license": "ISC"
    },
    "../components/_cal-ds-base": {
      "extraneous": true
    },
    "components/_cal-ds-base": {
      "extraneous": true
    },
    "node_modules/@cagovweb/cal-ds-base": {
      "resolved": "../_cal-ds-base",
      "link": true
    }
  }
}
